// !$*UTF8*$!
{
	archiveVersion = 1;
	classes = {
	};
	objectVersion = 56;
	objects = {

/* Begin PBXBuildFile section */
		101000000000000000000001 /* LightWatchApp.swift in Sources */ = {isa = PBXBuildFile; fileRef = 102000000000000000000001 /* LightWatchApp.swift */; };
		101000000000000000000002 /* AppDelegate.swift in Sources */ = {isa = PBXBuildFile; fileRef = 102000000000000000000002 /* AppDelegate.swift */; };
		101000000000000000000003 /* StatusBarController.swift in Sources */ = {isa = PBXBuildFile; fileRef = 102000000000000000000003 /* StatusBarController.swift */; };
		101000000000000000000004 /* CameraManager.swift in Sources */ = {isa = PBXBuildFile; fileRef = 102000000000000000000004 /* CameraManager.swift */; };
		101000000000000000000005 /* LightAnalyzer.swift in Sources */ = {isa = PBXBuildFile; fileRef = 102000000000000000000005 /* LightAnalyzer.swift */; };
		101000000000000000000006 /* StateMachine.swift in Sources */ = {isa = PBXBuildFile; fileRef = 102000000000000000000006 /* StateMachine.swift */; };
		101000000000000000000007 /* DiscordWebhookClient.swift in Sources */ = {isa = PBXBuildFile; fileRef = 102000000000000000000007 /* DiscordWebhookClient.swift */; };
		101000000000000000000008 /* SettingsStore.swift in Sources */ = {isa = PBXBuildFile; fileRef = 102000000000000000000008 /* SettingsStore.swift */; };
		101000000000000000000009 /* EventLogger.swift in Sources */ = {isa = PBXBuildFile; fileRef = 102000000000000000000009 /* EventLogger.swift */; };
		101000000000000000000012 /* SettingsNumberFields.swift in Sources */ = {isa = PBXBuildFile; fileRef = 102000000000000000000012 /* SettingsNumberFields.swift */; };
		101000000000000000000013 /* LightWatch.icon in Resources */ = {isa = PBXBuildFile; fileRef = 102000000000000000000013 /* LightWatch.icon */; };
		101000000000000000000014 /* LightSceneProfile.swift in Sources */ = {isa = PBXBuildFile; fileRef = 102000000000000000000014 /* LightSceneProfile.swift */; };
		101000000000000000000015 /* LightReferenceImageProfile.swift in Sources */ = {isa = PBXBuildFile; fileRef = 102000000000000000000015 /* LightReferenceImageProfile.swift */; };
/* End PBXBuildFile section */

/* Begin PBXFileReference section */
		102000000000000000000001 /* LightWatchApp.swift */ = {isa = PBXFileReference; lastKnownFileType = sourcecode.swift; path = LightWatchApp.swift; sourceTree = "<group>"; };
		102000000000000000000002 /* AppDelegate.swift */ = {isa = PBXFileReference; lastKnownFileType = sourcecode.swift; path = AppDelegate.swift; sourceTree = "<group>"; };
		102000000000000000000003 /* StatusBarController.swift */ = {isa = PBXFileReference; lastKnownFileType = sourcecode.swift; path = StatusBarController.swift; sourceTree = "<group>"; };
		102000000000000000000004 /* CameraManager.swift */ = {isa = PBXFileReference; lastKnownFileType = sourcecode.swift; path = CameraManager.swift; sourceTree = "<group>"; };
		102000000000000000000005 /* LightAnalyzer.swift */ = {isa = PBXFileReference; lastKnownFileType = sourcecode.swift; path = LightAnalyzer.swift; sourceTree = "<group>"; };
		102000000000000000000006 /* StateMachine.swift */ = {isa = PBXFileReference; lastKnownFileType = sourcecode.swift; path = StateMachine.swift; sourceTree = "<group>"; };
		102000000000000000000007 /* DiscordWebhookClient.swift */ = {isa = PBXFileReference; lastKnownFileType = sourcecode.swift; path = DiscordWebhookClient.swift; sourceTree = "<group>"; };
		102000000000000000000008 /* SettingsStore.swift */ = {isa = PBXFileReference; lastKnownFileType = sourcecode.swift; path = SettingsStore.swift; sourceTree = "<group>"; };
		102000000000000000000009 /* EventLogger.swift */ = {isa = PBXFileReference; lastKnownFileType = sourcecode.swift; path = EventLogger.swift; sourceTree = "<group>"; };
		102000000000000000000010 /* Info.plist */ = {isa = PBXFileReference; lastKnownFileType = text.plist.xml; path = Info.plist; sourceTree = "<group>"; };
		102000000000000000000011 /* LightWatch.app */ = {isa = PBXFileReference; explicitFileType = wrapper.application; includeInIndex = 0; path = LightWatch.app; sourceTree = BUILT_PRODUCTS_DIR; };
		102000000000000000000012 /* SettingsNumberFields.swift */ = {isa = PBXFileReference; lastKnownFileType = sourcecode.swift; path = SettingsNumberFields.swift; sourceTree = "<group>"; };
		102000000000000000000013 /* LightWatch.icon */ = {isa = PBXFileReference; lastKnownFileType = folder.icon; path = LightWatch.icon; sourceTree = "<group>"; };
		102000000000000000000014 /* LightSceneProfile.swift */ = {isa = PBXFileReference; lastKnownFileType = sourcecode.swift; path = LightSceneProfile.swift; sourceTree = "<group>"; };
		102000000000000000000015 /* LightReferenceImageProfile.swift */ = {isa = PBXFileReference; lastKnownFileType = sourcecode.swift; path = LightReferenceImageProfile.swift; sourceTree = "<group>"; };
/* End PBXFileReference section */

/* Begin PBXFrameworksBuildPhase section */
		103000000000000000000001 /* Frameworks */ = {isa = PBXFrameworksBuildPhase; buildActionMask = 2147483647; files = (); runOnlyForDeploymentPostprocessing = 0; };
/* End PBXFrameworksBuildPhase section */

/* Begin PBXGroup section */
		104000000000000000000001 = {
			isa = PBXGroup;
			children = (
				104000000000000000000002 /* LightWatch */,
				104000000000000000000003 /* Products */,
			);
			sourceTree = "<group>";
		};
		104000000000000000000002 /* LightWatch */ = {
			isa = PBXGroup;
			children = (
				102000000000000000000001 /* LightWatchApp.swift */,
				102000000000000000000002 /* AppDelegate.swift */,
				102000000000000000000003 /* StatusBarController.swift */,
				102000000000000000000004 /* CameraManager.swift */,
				102000000000000000000005 /* LightAnalyzer.swift */,
				102000000000000000000014 /* LightSceneProfile.swift */,
				102000000000000000000015 /* LightReferenceImageProfile.swift */,
				102000000000000000000006 /* StateMachine.swift */,
				102000000000000000000007 /* DiscordWebhookClient.swift */,
				102000000000000000000008 /* SettingsStore.swift */,
				102000000000000000000009 /* EventLogger.swift */,
				102000000000000000000012 /* SettingsNumberFields.swift */,
				102000000000000000000013 /* LightWatch.icon */,
				102000000000000000000010 /* Info.plist */,
			);
			sourceTree = "<group>";
		};
		104000000000000000000003 /* Products */ = {
			isa = PBXGroup;
			children = (
				102000000000000000000011 /* LightWatch.app */,
			);
			name = Products;
			sourceTree = "<group>";
		};
/* End PBXGroup section */

/* Begin PBXNativeTarget section */
		105000000000000000000001 /* LightWatch */ = {
			isa = PBXNativeTarget;
			buildConfigurationList = 109000000000000000000002 /* Build configuration list for PBXNativeTarget "LightWatch" */;
			buildPhases = (
				107000000000000000000001 /* Sources */,
				103000000000000000000001 /* Frameworks */,
				108000000000000000000001 /* Resources */,
			);
			buildRules = ();
			dependencies = ();
			name = LightWatch;
			productName = LightWatch;
			productReference = 102000000000000000000011 /* LightWatch.app */;
			productType = "com.apple.product-type.application";
		};
/* End PBXNativeTarget section */

/* Begin PBXProject section */
		106000000000000000000001 /* Project object */ = {
			isa = PBXProject;
			attributes = {
				BuildIndependentTargetsInParallel = 1;
				LastSwiftUpdateCheck = 1540;
				LastUpgradeCheck = 1540;
				TargetAttributes = {
					105000000000000000000001 = {
						CreatedOnToolsVersion = 15.4;
					};
				};
			};
			buildConfigurationList = 109000000000000000000001 /* Build configuration list for PBXProject "LightWatch" */;
			compatibilityVersion = "Xcode 14.0";
			developmentRegion = en;
			hasScannedForEncodings = 0;
			knownRegions = (
				en,
				Base,
			);
			mainGroup = 104000000000000000000001;
			productRefGroup = 104000000000000000000003 /* Products */;
			projectDirPath = "";
			projectRoot = "";
			targets = (
				105000000000000000000001 /* LightWatch */,
			);
		};
/* End PBXProject section */

/* Begin PBXResourcesBuildPhase section */
		108000000000000000000001 /* Resources */ = {
			isa = PBXResourcesBuildPhase;
			buildActionMask = 2147483647;
			files = (
				101000000000000000000013 /* LightWatch.icon in Resources */,
			);
			runOnlyForDeploymentPostprocessing = 0;
		};
/* End PBXResourcesBuildPhase section */

/* Begin PBXSourcesBuildPhase section */
		107000000000000000000001 /* Sources */ = {
			isa = PBXSourcesBuildPhase;
			buildActionMask = 2147483647;
			files = (
				101000000000000000000001 /* LightWatchApp.swift in Sources */,
				101000000000000000000002 /* AppDelegate.swift in Sources */,
				101000000000000000000003 /* StatusBarController.swift in Sources */,
				101000000000000000000004 /* CameraManager.swift in Sources */,
				101000000000000000000005 /* LightAnalyzer.swift in Sources */,
				101000000000000000000014 /* LightSceneProfile.swift in Sources */,
				101000000000000000000015 /* LightReferenceImageProfile.swift in Sources */,
				101000000000000000000006 /* StateMachine.swift in Sources */,
				101000000000000000000007 /* DiscordWebhookClient.swift in Sources */,
				101000000000000000000008 /* SettingsStore.swift in Sources */,
				101000000000000000000009 /* EventLogger.swift in Sources */,
				101000000000000000000012 /* SettingsNumberFields.swift in Sources */,
			);
			runOnlyForDeploymentPostprocessing = 0;
		};
/* End PBXSourcesBuildPhase section */

/* Begin XCBuildConfiguration section */
		110000000000000000000001 /* Debug */ = {
			isa = XCBuildConfiguration;
			buildSettings = {
				ALWAYS_SEARCH_USER_PATHS = NO;
				CLANG_ENABLE_MODULES = YES;
				CODE_SIGN_STYLE = Automatic;
				ENABLE_STRICT_OBJC_MSGSEND = YES;
				GCC_C_LANGUAGE_STANDARD = gnu17;
				GCC_NO_COMMON_BLOCKS = YES;
				MACOSX_DEPLOYMENT_TARGET = 13.0;
				SDKROOT = macosx;
				SWIFT_VERSION = 5.0;
			};
			name = Debug;
		};
		110000000000000000000002 /* Release */ = {
			isa = XCBuildConfiguration;
			buildSettings = {
				ALWAYS_SEARCH_USER_PATHS = NO;
				CLANG_ENABLE_MODULES = YES;
				CODE_SIGN_STYLE = Automatic;
				ENABLE_STRICT_OBJC_MSGSEND = YES;
				GCC_C_LANGUAGE_STANDARD = gnu17;
				GCC_NO_COMMON_BLOCKS = YES;
				MACOSX_DEPLOYMENT_TARGET = 13.0;
				SDKROOT = macosx;
				SWIFT_VERSION = 5.0;
			};
			name = Release;
		};
		110000000000000000000003 /* Debug */ = {
			isa = XCBuildConfiguration;
			buildSettings = {
				ASSETCATALOG_COMPILER_APPICON_NAME = LightWatch;
				CODE_SIGN_ENTITLEMENTS = "";
				COMBINE_HIDPI_IMAGES = YES;
				GENERATE_INFOPLIST_FILE = NO;
				INFOPLIST_FILE = Info.plist;
				LD_RUNPATH_SEARCH_PATHS = (
					"$(inherited)",
					"@executable_path/../Frameworks",
				);
				PRODUCT_BUNDLE_IDENTIFIER = com.akaaku.LightWatch;
				PRODUCT_NAME = "$(TARGET_NAME)";
				SWIFT_EMIT_LOC_STRINGS = YES;
				SWIFT_VERSION = 5.0;
			};
			name = Debug;
		};
		110000000000000000000004 /* Release */ = {
			isa = XCBuildConfiguration;
			buildSettings = {
				ASSETCATALOG_COMPILER_APPICON_NAME = LightWatch;
				CODE_SIGN_ENTITLEMENTS = "";
				COMBINE_HIDPI_IMAGES = YES;
				GENERATE_INFOPLIST_FILE = NO;
				INFOPLIST_FILE = Info.plist;
				LD_RUNPATH_SEARCH_PATHS = (
					"$(inherited)",
					"@executable_path/../Frameworks",
				);
				PRODUCT_BUNDLE_IDENTIFIER = com.akaaku.LightWatch;
				PRODUCT_NAME = "$(TARGET_NAME)";
				SWIFT_EMIT_LOC_STRINGS = YES;
				SWIFT_VERSION = 5.0;
			};
			name = Release;
		};
/* End XCBuildConfiguration section */

/* Begin XCConfigurationList section */
		109000000000000000000001 /* Build configuration list for PBXProject "LightWatch" */ = {
			isa = XCConfigurationList;
			buildConfigurations = (
				110000000000000000000001 /* Debug */,
				110000000000000000000002 /* Release */,
			);
			defaultConfigurationIsVisible = 0;
			defaultConfigurationName = Release;
		};
		109000000000000000000002 /* Build configuration list for PBXNativeTarget "LightWatch" */ = {
			isa = XCConfigurationList;
			buildConfigurations = (
				110000000000000000000003 /* Debug */,
				110000000000000000000004 /* Release */,
			);
			defaultConfigurationIsVisible = 0;
			defaultConfigurationName = Release;
		};
/* End XCConfigurationList section */
	};
	rootObject = 106000000000000000000001 /* Project object */;
}
